
Microsoft Visual Studio Solution File, Format Version 12.00
# Visual Studio Version 17
VisualStudioVersion = 17.3.32825.248
MinimumVisualStudioVersion = 10.0.40219.1
Project("{9A19103F-16F7-4668-BE54-9A1E7A4F7556}") = "OnlineShoppingAPI", "OnlineShoppingAPI\OnlineShoppingAPI.csproj", "{C22923F3-CC07-489B-8169-032611C2110E}"
EndProject
Global
	GlobalSection(SolutionConfigurationPlatforms) = preSolution
		Debug|Any CPU = Debug|Any CPU
		Release|Any CPU = Release|Any CPU
	EndGlobalSection
	GlobalSection(ProjectConfigurationPlatforms) = postSolution
		{C22923F3-CC07-489B-8169-032611C2110E}.Debug|Any CPU.ActiveCfg = Debug|Any CPU
		{C22923F3-CC07-489B-8169-032611C2110E}.Debug|Any CPU.Build.0 = Debug|Any CPU
		{C22923F3-CC07-489B-8169-032611C2110E}.Release|Any CPU.ActiveCfg = Release|Any CPU
		{C22923F3-CC07-489B-8169-032611C2110E}.Release|Any CPU.Build.0 = Release|Any CPU
	EndGlobalSection
	GlobalSection(SolutionProperties) = preSolution
		HideSolutionNode = FALSE
	EndGlobalSection
	GlobalSection(ExtensibilityGlobals) = postSolution
		SolutionGuid = {97C3880C-B1AB-4043-A380-FB5C28006FF1}
	EndGlobalSection
EndGlobal
